// !$*UTF8*$!
{
	archiveVersion = 1;
	classes = {
	};
	objectVersion = 56;
	objects = {

/* Begin PBXBuildFile section */
		140BC1EB2A73C5E700F9577E /* CompanyLocation.swift in Sources */ = {isa = PBXBuildFile; fileRef = 140BC1EA2A73C5E700F9577E /* CompanyLocation.swift */; };
		140BC1ED2A73CB9800F9577E /* Company.swift in Sources */ = {isa = PBXBuildFile; fileRef = 140BC1EC2A73CB9800F9577E /* Company.swift */; };
		143C77512A79251C004E8780 /* LaunchView.swift in Sources */ = {isa = PBXBuildFile; fileRef = 143C77502A79251C004E8780 /* LaunchView.swift */; };
		144D23752A78FAAC006E1C09 /* ArtistSNS.swift in Sources */ = {isa = PBXBuildFile; fileRef = 144D23742A78FAAC006E1C09 /* ArtistSNS.swift */; };
		148EDB1D2A6FEE6D0005ED41 /* My_KPOP_PlaylistApp.swift in Sources */ = {isa = PBXBuildFile; fileRef = 148EDB1C2A6FEE6D0005ED41 /* My_KPOP_PlaylistApp.swift */; };
		148EDB212A6FEE710005ED41 /* Assets.xcassets in Resources */ = {isa = PBXBuildFile; fileRef = 148EDB202A6FEE710005ED41 /* Assets.xcassets */; };
		148EDB242A6FEE710005ED41 /* Preview Assets.xcassets in Resources */ = {isa = PBXBuildFile; fileRef = 148EDB232A6FEE710005ED41 /* Preview Assets.xcassets */; };
		148EDB2E2A6FEE710005ED41 /* My_KPOP_PlaylistTests.swift in Sources */ = {isa = PBXBuildFile; fileRef = 148EDB2D2A6FEE710005ED41 /* My_KPOP_PlaylistTests.swift */; };
		148EDB382A6FEE710005ED41 /* My_KPOP_PlaylistUITests.swift in Sources */ = {isa = PBXBuildFile; fileRef = 148EDB372A6FEE710005ED41 /* My_KPOP_PlaylistUITests.swift */; };
		148EDB3A2A6FEE710005ED41 /* My_KPOP_PlaylistUITestsLaunchTests.swift in Sources */ = {isa = PBXBuildFile; fileRef = 148EDB392A6FEE710005ED41 /* My_KPOP_PlaylistUITestsLaunchTests.swift */; };
		148EDB4A2A6FF45B0005ED41 /* ArtistIcon.swift in Sources */ = {isa = PBXBuildFile; fileRef = 148EDB492A6FF45B0005ED41 /* ArtistIcon.swift */; };
		148EDB4C2A6FF6850005ED41 /* ArtistView.swift in Sources */ = {isa = PBXBuildFile; fileRef = 148EDB4B2A6FF6850005ED41 /* ArtistView.swift */; };
		148EDB4F2A6FF99A0005ED41 /* Artist.swift in Sources */ = {isa = PBXBuildFile; fileRef = 148EDB4E2A6FF99A0005ED41 /* Artist.swift */; };
		148EDB512A6FFA000005ED41 /* ArtistData.swift in Sources */ = {isa = PBXBuildFile; fileRef = 148EDB502A6FFA000005ED41 /* ArtistData.swift */; };
		148EDB532A6FFA620005ED41 /* ArtistListItem.swift in Sources */ = {isa = PBXBuildFile; fileRef = 148EDB522A6FFA620005ED41 /* ArtistListItem.swift */; };
		148EDB552A6FFB4C0005ED41 /* ArtistListView.swift in Sources */ = {isa = PBXBuildFile; fileRef = 148EDB542A6FFB4C0005ED41 /* ArtistListView.swift */; };
		149AF3B42A77F5FB00E26424 /* artist.json in Resources */ = {isa = PBXBuildFile; fileRef = 149AF3B32A77F5FB00E26424 /* artist.json */; };
		14CFC8EF2A715722006BC1B6 /* ArtistInfo.swift in Sources */ = {isa = PBXBuildFile; fileRef = 14CFC8EE2A715722006BC1B6 /* ArtistInfo.swift */; };
/* End PBXBuildFile section */

/* Begin PBXContainerItemProxy section */
		148EDB2A2A6FEE710005ED41 /* PBXContainerItemProxy */ = {
			isa = PBXContainerItemProxy;
			containerPortal = 148EDB112A6FEE6D0005ED41 /* Project object */;
			proxyType = 1;
			remoteGlobalIDString = 148EDB182A6FEE6D0005ED41;
			remoteInfo = "My KPOP Playlist";
		};
		148EDB342A6FEE710005ED41 /* PBXContainerItemProxy */ = {
			isa = PBXContainerItemProxy;
			containerPortal = 148EDB112A6FEE6D0005ED41 /* Project object */;
			proxyType = 1;
			remoteGlobalIDString = 148EDB182A6FEE6D0005ED41;
			remoteInfo = "My KPOP Playlist";
		};
/* End PBXContainerItemProxy section */

/* Begin PBXFileReference section */
		140BC1EA2A73C5E700F9577E /* CompanyLocation.swift */ = {isa = PBXFileReference; lastKnownFileType = sourcecode.swift; path = CompanyLocation.swift; sourceTree = "<group>"; };
		140BC1EC2A73CB9800F9577E /* Company.swift */ = {isa = PBXFileReference; lastKnownFileType = sourcecode.swift; path = Company.swift; sourceTree = "<group>"; };
		143C77502A79251C004E8780 /* LaunchView.swift */ = {isa = PBXFileReference; lastKnownFileType = sourcecode.swift; path = LaunchView.swift; sourceTree = "<group>"; };
		144D23742A78FAAC006E1C09 /* ArtistSNS.swift */ = {isa = PBXFileReference; lastKnownFileType = sourcecode.swift; path = ArtistSNS.swift; sourceTree = "<group>"; };
		148EDB192A6FEE6D0005ED41 /* My KPOP Playlist.app */ = {isa = PBXFileReference; explicitFileType = wrapper.application; includeInIndex = 0; path = "My KPOP Playlist.app"; sourceTree = BUILT_PRODUCTS_DIR; };
		148EDB1C2A6FEE6D0005ED41 /* My_KPOP_PlaylistApp.swift */ = {isa = PBXFileReference; lastKnownFileType = sourcecode.swift; path = My_KPOP_PlaylistApp.swift; sourceTree = "<group>"; };
		148EDB202A6FEE710005ED41 /* Assets.xcassets */ = {isa = PBXFileReference; lastKnownFileType = folder.assetcatalog; path = Assets.xcassets; sourceTree = "<group>"; };
		148EDB232A6FEE710005ED41 /* Preview Assets.xcassets */ = {isa = PBXFileReference; lastKnownFileType = folder.assetcatalog; path = "Preview Assets.xcassets"; sourceTree = "<group>"; };
		148EDB292A6FEE710005ED41 /* My KPOP PlaylistTests.xctest */ = {isa = PBXFileReference; explicitFileType = wrapper.cfbundle; includeInIndex = 0; path = "My KPOP PlaylistTests.xctest"; sourceTree = BUILT_PRODUCTS_DIR; };
		148EDB2D2A6FEE710005ED41 /* My_KPOP_PlaylistTests.swift */ = {isa = PBXFileReference; lastKnownFileType = sourcecode.swift; path = My_KPOP_PlaylistTests.swift; sourceTree = "<group>"; };
		148EDB332A6FEE710005ED41 /* My KPOP PlaylistUITests.xctest */ = {isa = PBXFileReference; explicitFileType = wrapper.cfbundle; includeInIndex = 0; path = "My KPOP PlaylistUITests.xctest"; sourceTree = BUILT_PRODUCTS_DIR; };
		148EDB372A6FEE710005ED41 /* My_KPOP_PlaylistUITests.swift */ = {isa = PBXFileReference; lastKnownFileType = sourcecode.swift; path = My_KPOP_PlaylistUITests.swift; sourceTree = "<group>"; };
		148EDB392A6FEE710005ED41 /* My_KPOP_PlaylistUITestsLaunchTests.swift */ = {isa = PBXFileReference; lastKnownFileType = sourcecode.swift; path = My_KPOP_PlaylistUITestsLaunchTests.swift; sourceTree = "<group>"; };
		148EDB492A6FF45B0005ED41 /* ArtistIcon.swift */ = {isa = PBXFileReference; lastKnownFileType = sourcecode.swift; path = ArtistIcon.swift; sourceTree = "<group>"; };
		148EDB4B2A6FF6850005ED41 /* ArtistView.swift */ = {isa = PBXFileReference; lastKnownFileType = sourcecode.swift; path = ArtistView.swift; sourceTree = "<group>"; };
		148EDB4E2A6FF99A0005ED41 /* Artist.swift */ = {isa = PBXFileReference; lastKnownFileType = sourcecode.swift; path = Artist.swift; sourceTree = "<group>"; };
		148EDB502A6FFA000005ED41 /* ArtistData.swift */ = {isa = PBXFileReference; lastKnownFileType = sourcecode.swift; path = ArtistData.swift; sourceTree = "<group>"; };
		148EDB522A6FFA620005ED41 /* ArtistListItem.swift */ = {isa = PBXFileReference; lastKnownFileType = sourcecode.swift; path = ArtistListItem.swift; sourceTree = "<group>"; };
		148EDB542A6FFB4C0005ED41 /* ArtistListView.swift */ = {isa = PBXFileReference; lastKnownFileType = sourcecode.swift; path = ArtistListView.swift; sourceTree = "<group>"; };
		149AF3B32A77F5FB00E26424 /* artist.json */ = {isa = PBXFileReference; fileEncoding = 4; lastKnownFileType = text.json; path = artist.json; sourceTree = "<group>"; };
		14CFC8EE2A715722006BC1B6 /* ArtistInfo.swift */ = {isa = PBXFileReference; lastKnownFileType = sourcecode.swift; path = ArtistInfo.swift; sourceTree = "<group>"; };
/* End PBXFileReference section */

/* Begin PBXFrameworksBuildPhase section */
		148EDB162A6FEE6D0005ED41 /* Frameworks */ = {
			isa = PBXFrameworksBuildPhase;
			buildActionMask = 2147483647;
			files = (
			);
			runOnlyForDeploymentPostprocessing = 0;
		};
		148EDB262A6FEE710005ED41 /* Frameworks */ = {
			isa = PBXFrameworksBuildPhase;
			buildActionMask = 2147483647;
			files = (
			);
			runOnlyForDeploymentPostprocessing = 0;
		};
		148EDB302A6FEE710005ED41 /* Frameworks */ = {
			isa = PBXFrameworksBuildPhase;
			buildActionMask = 2147483647;
			files = (
			);
			runOnlyForDeploymentPostprocessing = 0;
		};
/* End PBXFrameworksBuildPhase section */

/* Begin PBXGroup section */
		146F1FAA2A77C149000D7A85 /* ArtistView */ = {
			isa = PBXGroup;
			children = (
				148EDB4B2A6FF6850005ED41 /* ArtistView.swift */,
				140BC1EA2A73C5E700F9577E /* CompanyLocation.swift */,
				148EDB492A6FF45B0005ED41 /* ArtistIcon.swift */,
				14CFC8EE2A715722006BC1B6 /* ArtistInfo.swift */,
				144D23742A78FAAC006E1C09 /* ArtistSNS.swift */,
			);
			path = ArtistView;
			sourceTree = "<group>";
		};
		146F1FAD2A77C173000D7A85 /* ArtistListView */ = {
			isa = PBXGroup;
			children = (
				148EDB542A6FFB4C0005ED41 /* ArtistListView.swift */,
				148EDB522A6FFA620005ED41 /* ArtistListItem.swift */,
			);
			path = ArtistListView;
			sourceTree = "<group>";
		};
		148EDB102A6FEE6D0005ED41 = {
			isa = PBXGroup;
			children = (
				148EDB1B2A6FEE6D0005ED41 /* My KPOP Playlist */,
				148EDB2C2A6FEE710005ED41 /* My KPOP PlaylistTests */,
				148EDB362A6FEE710005ED41 /* My KPOP PlaylistUITests */,
				148EDB1A2A6FEE6D0005ED41 /* Products */,
			);
			sourceTree = "<group>";
		};
		148EDB1A2A6FEE6D0005ED41 /* Products */ = {
			isa = PBXGroup;
			children = (
				148EDB192A6FEE6D0005ED41 /* My KPOP Playlist.app */,
				148EDB292A6FEE710005ED41 /* My KPOP PlaylistTests.xctest */,
				148EDB332A6FEE710005ED41 /* My KPOP PlaylistUITests.xctest */,
			);
			name = Products;
			sourceTree = "<group>";
		};
		148EDB1B2A6FEE6D0005ED41 /* My KPOP Playlist */ = {
			isa = PBXGroup;
			children = (
				148EDB4D2A6FF98B0005ED41 /* Model */,
				148EDB1C2A6FEE6D0005ED41 /* My_KPOP_PlaylistApp.swift */,
				148EDB482A6FF2A40005ED41 /* Views */,
				148EDB202A6FEE710005ED41 /* Assets.xcassets */,
				148EDB222A6FEE710005ED41 /* Preview Content */,
			);
			path = "My KPOP Playlist";
			sourceTree = "<group>";
		};
		148EDB222A6FEE710005ED41 /* Preview Content */ = {
			isa = PBXGroup;
			children = (
				148EDB232A6FEE710005ED41 /* Preview Assets.xcassets */,
			);
			path = "Preview Content";
			sourceTree = "<group>";
		};
		148EDB2C2A6FEE710005ED41 /* My KPOP PlaylistTests */ = {
			isa = PBXGroup;
			children = (
				148EDB2D2A6FEE710005ED41 /* My_KPOP_PlaylistTests.swift */,
			);
			path = "My KPOP PlaylistTests";
			sourceTree = "<group>";
		};
		148EDB362A6FEE710005ED41 /* My KPOP PlaylistUITests */ = {
			isa = PBXGroup;
			children = (
				148EDB372A6FEE710005ED41 /* My_KPOP_PlaylistUITests.swift */,
				148EDB392A6FEE710005ED41 /* My_KPOP_PlaylistUITestsLaunchTests.swift */,
			);
			path = "My KPOP PlaylistUITests";
			sourceTree = "<group>";
		};
		148EDB482A6FF2A40005ED41 /* Views */ = {
			isa = PBXGroup;
			children = (
				143C77502A79251C004E8780 /* LaunchView.swift */,
				146F1FAA2A77C149000D7A85 /* ArtistView */,
				146F1FAD2A77C173000D7A85 /* ArtistListView */,
			);
			path = Views;
			sourceTree = "<group>";
		};
		148EDB4D2A6FF98B0005ED41 /* Model */ = {
			isa = PBXGroup;
			children = (
				149AF3B32A77F5FB00E26424 /* artist.json */,
				148EDB4E2A6FF99A0005ED41 /* Artist.swift */,
				140BC1EC2A73CB9800F9577E /* Company.swift */,
				148EDB502A6FFA000005ED41 /* ArtistData.swift */,
			);
			path = Model;
			sourceTree = "<group>";
		};
/* End PBXGroup section */

/* Begin PBXNativeTarget section */
		148EDB182A6FEE6D0005ED41 /* My KPOP Playlist */ = {
			isa = PBXNativeTarget;
			buildConfigurationList = 148EDB3D2A6FEE710005ED41 /* Build configuration list for PBXNativeTarget "My KPOP Playlist" */;
			buildPhases = (
				148EDB152A6FEE6D0005ED41 /* Sources */,
				148EDB162A6FEE6D0005ED41 /* Frameworks */,
				148EDB172A6FEE6D0005ED41 /* Resources */,
			);
			buildRules = (
			);
			dependencies = (
			);
			name = "My KPOP Playlist";
			productName = "My KPOP Playlist";
			productReference = 148EDB192A6FEE6D0005ED41 /* My KPOP Playlist.app */;
			productType = "com.apple.product-type.application";
		};
		148EDB282A6FEE710005ED41 /* My KPOP PlaylistTests */ = {
			isa = PBXNativeTarget;
			buildConfigurationList = 148EDB402A6FEE710005ED41 /* Build configuration list for PBXNativeTarget "My KPOP PlaylistTests" */;
			buildPhases = (
				148EDB252A6FEE710005ED41 /* Sources */,
				148EDB262A6FEE710005ED41 /* Frameworks */,
				148EDB272A6FEE710005ED41 /* Resources */,
			);
			buildRules = (
			);
			dependencies = (
				148EDB2B2A6FEE710005ED41 /* PBXTargetDependency */,
			);
			name = "My KPOP PlaylistTests";
			productName = "My KPOP PlaylistTests";
			productReference = 148EDB292A6FEE710005ED41 /* My KPOP PlaylistTests.xctest */;
			productType = "com.apple.product-type.bundle.unit-test";
		};
		148EDB322A6FEE710005ED41 /* My KPOP PlaylistUITests */ = {
			isa = PBXNativeTarget;
			buildConfigurationList = 148EDB432A6FEE710005ED41 /* Build configuration list for PBXNativeTarget "My KPOP PlaylistUITests" */;
			buildPhases = (
				148EDB2F2A6FEE710005ED41 /* Sources */,
				148EDB302A6FEE710005ED41 /* Frameworks */,
				148EDB312A6FEE710005ED41 /* Resources */,
			);
			buildRules = (
			);
			dependencies = (
				148EDB352A6FEE710005ED41 /* PBXTargetDependency */,
			);
			name = "My KPOP PlaylistUITests";
			productName = "My KPOP PlaylistUITests";
			productReference = 148EDB332A6FEE710005ED41 /* My KPOP PlaylistUITests.xctest */;
			productType = "com.apple.product-type.bundle.ui-testing";
		};
/* End PBXNativeTarget section */

/* Begin PBXProject section */
		148EDB112A6FEE6D0005ED41 /* Project object */ = {
			isa = PBXProject;
			attributes = {
				BuildIndependentTargetsInParallel = 1;
				LastSwiftUpdateCheck = 1420;
				LastUpgradeCheck = 1420;
				TargetAttributes = {
					148EDB182A6FEE6D0005ED41 = {
						CreatedOnToolsVersion = 14.2;
					};
					148EDB282A6FEE710005ED41 = {
						CreatedOnToolsVersion = 14.2;
						TestTargetID = 148EDB182A6FEE6D0005ED41;
					};
					148EDB322A6FEE710005ED41 = {
						CreatedOnToolsVersion = 14.2;
						TestTargetID = 148EDB182A6FEE6D0005ED41;
					};
				};
			};
			buildConfigurationList = 148EDB142A6FEE6D0005ED41 /* Build configuration list for PBXProject "My KPOP Playlist" */;
			compatibilityVersion = "Xcode 14.0";
			developmentRegion = en;
			hasScannedForEncodings = 0;
			knownRegions = (
				en,
				Base,
			);
			mainGroup = 148EDB102A6FEE6D0005ED41;
			productRefGroup = 148EDB1A2A6FEE6D0005ED41 /* Products */;
			projectDirPath = "";
			projectRoot = "";
			targets = (
				148EDB182A6FEE6D0005ED41 /* My KPOP Playlist */,
				148EDB282A6FEE710005ED41 /* My KPOP PlaylistTests */,
				148EDB322A6FEE710005ED41 /* My KPOP PlaylistUITests */,
			);
		};
/* End PBXProject section */

/* Begin PBXResourcesBuildPhase section */
		148EDB172A6FEE6D0005ED41 /* Resources */ = {
			isa = PBXResourcesBuildPhase;
			buildActionMask = 2147483647;
			files = (
				148EDB242A6FEE710005ED41 /* Preview Assets.xcassets in Resources */,
				149AF3B42A77F5FB00E26424 /* artist.json in Resources */,
				148EDB212A6FEE710005ED41 /* Assets.xcassets in Resources */,
			);
			runOnlyForDeploymentPostprocessing = 0;
		};
		148EDB272A6FEE710005ED41 /* Resources */ = {
			isa = PBXResourcesBuildPhase;
			buildActionMask = 2147483647;
			files = (
			);
			runOnlyForDeploymentPostprocessing = 0;
		};
		148EDB312A6FEE710005ED41 /* Resources */ = {
			isa = PBXResourcesBuildPhase;
			buildActionMask = 2147483647;
			files = (
			);
			runOnlyForDeploymentPostprocessing = 0;
		};
/* End PBXResourcesBuildPhase section */

/* Begin PBXSourcesBuildPhase section */
		148EDB152A6FEE6D0005ED41 /* Sources */ = {
			isa = PBXSourcesBuildPhase;
			buildActionMask = 2147483647;
			files = (
				148EDB4C2A6FF6850005ED41 /* ArtistView.swift in Sources */,
				148EDB532A6FFA620005ED41 /* ArtistListItem.swift in Sources */,
				143C77512A79251C004E8780 /* LaunchView.swift in Sources */,
				140BC1EB2A73C5E700F9577E /* CompanyLocation.swift in Sources */,
				144D23752A78FAAC006E1C09 /* ArtistSNS.swift in Sources */,
				148EDB512A6FFA000005ED41 /* ArtistData.swift in Sources */,
				14CFC8EF2A715722006BC1B6 /* ArtistInfo.swift in Sources */,
				148EDB4A2A6FF45B0005ED41 /* ArtistIcon.swift in Sources */,
				140BC1ED2A73CB9800F9577E /* Company.swift in Sources */,
				148EDB552A6FFB4C0005ED41 /* ArtistListView.swift in Sources */,
				148EDB4F2A6FF99A0005ED41 /* Artist.swift in Sources */,
				148EDB1D2A6FEE6D0005ED41 /* My_KPOP_PlaylistApp.swift in Sources */,
			);
			runOnlyForDeploymentPostprocessing = 0;
		};
		148EDB252A6FEE710005ED41 /* Sources */ = {
			isa = PBXSourcesBuildPhase;
			buildActionMask = 2147483647;
			files = (
				148EDB2E2A6FEE710005ED41 /* My_KPOP_PlaylistTests.swift in Sources */,
			);
			runOnlyForDeploymentPostprocessing = 0;
		};
		148EDB2F2A6FEE710005ED41 /* Sources */ = {
			isa = PBXSourcesBuildPhase;
			buildActionMask = 2147483647;
			files = (
				148EDB3A2A6FEE710005ED41 /* My_KPOP_PlaylistUITestsLaunchTests.swift in Sources */,
				148EDB382A6FEE710005ED41 /* My_KPOP_PlaylistUITests.swift in Sources */,
			);
			runOnlyForDeploymentPostprocessing = 0;
		};
/* End PBXSourcesBuildPhase section */

/* Begin PBXTargetDependency section */
		148EDB2B2A6FEE710005ED41 /* PBXTargetDependency */ = {
			isa = PBXTargetDependency;
			target = 148EDB182A6FEE6D0005ED41 /* My KPOP Playlist */;
			targetProxy = 148EDB2A2A6FEE710005ED41 /* PBXContainerItemProxy */;
		};
		148EDB352A6FEE710005ED41 /* PBXTargetDependency */ = {
			isa = PBXTargetDependency;
			target = 148EDB182A6FEE6D0005ED41 /* My KPOP Playlist */;
			targetProxy = 148EDB342A6FEE710005ED41 /* PBXContainerItemProxy */;
		};
/* End PBXTargetDependency section */

/* Begin XCBuildConfiguration section */
		148EDB3B2A6FEE710005ED41 /* Debug */ = {
			isa = XCBuildConfiguration;
			buildSettings = {
				ALWAYS_SEARCH_USER_PATHS = NO;
				CLANG_ANALYZER_NONNULL = YES;
				CLANG_ANALYZER_NUMBER_OBJECT_CONVERSION = YES_AGGRESSIVE;
				CLANG_CXX_LANGUAGE_STANDARD = "gnu++20";
				CLANG_ENABLE_MODULES = YES;
				CLANG_ENABLE_OBJC_ARC = YES;
				CLANG_ENABLE_OBJC_WEAK = YES;
				CLANG_WARN_BLOCK_CAPTURE_AUTORELEASING = YES;
				CLANG_WARN_BOOL_CONVERSION = YES;
				CLANG_WARN_COMMA = YES;
				CLANG_WARN_CONSTANT_CONVERSION = YES;
				CLANG_WARN_DEPRECATED_OBJC_IMPLEMENTATIONS = YES;
				CLANG_WARN_DIRECT_OBJC_ISA_USAGE = YES_ERROR;
				CLANG_WARN_DOCUMENTATION_COMMENTS = YES;
				CLANG_WARN_EMPTY_BODY = YES;
				CLANG_WARN_ENUM_CONVERSION = YES;
				CLANG_WARN_INFINITE_RECURSION = YES;
				CLANG_WARN_INT_CONVERSION = YES;
				CLANG_WARN_NON_LITERAL_NULL_CONVERSION = YES;
				CLANG_WARN_OBJC_IMPLICIT_RETAIN_SELF = YES;
				CLANG_WARN_OBJC_LITERAL_CONVERSION = YES;
				CLANG_WARN_OBJC_ROOT_CLASS = YES_ERROR;
				CLANG_WARN_QUOTED_INCLUDE_IN_FRAMEWORK_HEADER = YES;
				CLANG_WARN_RANGE_LOOP_ANALYSIS = YES;
				CLANG_WARN_STRICT_PROTOTYPES = YES;
				CLANG_WARN_SUSPICIOUS_MOVE = YES;
				CLANG_WARN_UNGUARDED_AVAILABILITY = YES_AGGRESSIVE;
				CLANG_WARN_UNREACHABLE_CODE = YES;
				CLANG_WARN__DUPLICATE_METHOD_MATCH = YES;
				COPY_PHASE_STRIP = NO;
				DEBUG_INFORMATION_FORMAT = dwarf;
				ENABLE_STRICT_OBJC_MSGSEND = YES;
				ENABLE_TESTABILITY = YES;
				GCC_C_LANGUAGE_STANDARD = gnu11;
				GCC_DYNAMIC_NO_PIC = NO;
				GCC_NO_COMMON_BLOCKS = YES;
				GCC_OPTIMIZATION_LEVEL = 0;
				GCC_PREPROCESSOR_DEFINITIONS = (
					"DEBUG=1",
					"$(inherited)",
				);
				GCC_WARN_64_TO_32_BIT_CONVERSION = YES;
				GCC_WARN_ABOUT_RETURN_TYPE = YES_ERROR;
				GCC_WARN_UNDECLARED_SELECTOR = YES;
				GCC_WARN_UNINITIALIZED_AUTOS = YES_AGGRESSIVE;
				GCC_WARN_UNUSED_FUNCTION = YES;
				GCC_WARN_UNUSED_VARIABLE = YES;
				IPHONEOS_DEPLOYMENT_TARGET = 16.4;
				MTL_ENABLE_DEBUG_INFO = INCLUDE_SOURCE;
				MTL_FAST_MATH = YES;
				ONLY_ACTIVE_ARCH = YES;
				SDKROOT = iphoneos;
				SWIFT_ACTIVE_COMPILATION_CONDITIONS = DEBUG;
				SWIFT_OPTIMIZATION_LEVEL = "-Onone";
			};
			name = Debug;
		};
		148EDB3C2A6FEE710005ED41 /* Release */ = {
			isa = XCBuildConfiguration;
			buildSettings = {
				ALWAYS_SEARCH_USER_PATHS = NO;
				CLANG_ANALYZER_NONNULL = YES;
				CLANG_ANALYZER_NUMBER_OBJECT_CONVERSION = YES_AGGRESSIVE;
				CLANG_CXX_LANGUAGE_STANDARD = "gnu++20";
				CLANG_ENABLE_MODULES = YES;
				CLANG_ENABLE_OBJC_ARC = YES;
				CLANG_ENABLE_OBJC_WEAK = YES;
				CLANG_WARN_BLOCK_CAPTURE_AUTORELEASING = YES;
				CLANG_WARN_BOOL_CONVERSION = YES;
				CLANG_WARN_COMMA = YES;
				CLANG_WARN_CONSTANT_CONVERSION = YES;
				CLANG_WARN_DEPRECATED_OBJC_IMPLEMENTATIONS = YES;
				CLANG_WARN_DIRECT_OBJC_ISA_USAGE = YES_ERROR;
				CLANG_WARN_DOCUMENTATION_COMMENTS = YES;
				CLANG_WARN_EMPTY_BODY = YES;
				CLANG_WARN_ENUM_CONVERSION = YES;
				CLANG_WARN_INFINITE_RECURSION = YES;
				CLANG_WARN_INT_CONVERSION = YES;
				CLANG_WARN_NON_LITERAL_NULL_CONVERSION = YES;
				CLANG_WARN_OBJC_IMPLICIT_RETAIN_SELF = YES;
				CLANG_WARN_OBJC_LITERAL_CONVERSION = YES;
				CLANG_WARN_OBJC_ROOT_CLASS = YES_ERROR;
				CLANG_WARN_QUOTED_INCLUDE_IN_FRAMEWORK_HEADER = YES;
				CLANG_WARN_RANGE_LOOP_ANALYSIS = YES;
				CLANG_WARN_STRICT_PROTOTYPES = YES;
				CLANG_WARN_SUSPICIOUS_MOVE = YES;
				CLANG_WARN_UNGUARDED_AVAILABILITY = YES_AGGRESSIVE;
				CLANG_WARN_UNREACHABLE_CODE = YES;
				CLANG_WARN__DUPLICATE_METHOD_MATCH = YES;
				COPY_PHASE_STRIP = NO;
				DEBUG_INFORMATION_FORMAT = "dwarf-with-dsym";
				ENABLE_NS_ASSERTIONS = NO;
				ENABLE_STRICT_OBJC_MSGSEND = YES;
				GCC_C_LANGUAGE_STANDARD = gnu11;
				GCC_NO_COMMON_BLOCKS = YES;
				GCC_WARN_64_TO_32_BIT_CONVERSION = YES;
				GCC_WARN_ABOUT_RETURN_TYPE = YES_ERROR;
				GCC_WARN_UNDECLARED_SELECTOR = YES;
				GCC_WARN_UNINITIALIZED_AUTOS = YES_AGGRESSIVE;
				GCC_WARN_UNUSED_FUNCTION = YES;
				GCC_WARN_UNUSED_VARIABLE = YES;
				IPHONEOS_DEPLOYMENT_TARGET = 16.4;
				MTL_ENABLE_DEBUG_INFO = NO;
				MTL_FAST_MATH = YES;
				SDKROOT = iphoneos;
				SWIFT_COMPILATION_MODE = wholemodule;
				SWIFT_OPTIMIZATION_LEVEL = "-O";
				VALIDATE_PRODUCT = YES;
			};
			name = Release;
		};
		148EDB3E2A6FEE710005ED41 /* Debug */ = {
			isa = XCBuildConfiguration;
			buildSettings = {
				ASSETCATALOG_COMPILER_APPICON_NAME = AppIcon;
				ASSETCATALOG_COMPILER_GLOBAL_ACCENT_COLOR_NAME = AccentColor;
				CODE_SIGN_STYLE = Automatic;
				CURRENT_PROJECT_VERSION = 1;
				DEVELOPMENT_ASSET_PATHS = "\"My KPOP Playlist/Preview Content\"";
				DEVELOPMENT_TEAM = "";
				ENABLE_PREVIEWS = YES;
				GENERATE_INFOPLIST_FILE = YES;
				INFOPLIST_KEY_CFBundleDisplayName = "My KPOP Playlist";
				INFOPLIST_KEY_LSApplicationCategoryType = "public.app-category.music";
				INFOPLIST_KEY_UIApplicationSceneManifest_Generation = YES;
				INFOPLIST_KEY_UIApplicationSupportsIndirectInputEvents = YES;
				INFOPLIST_KEY_UILaunchScreen_Generation = YES;
				INFOPLIST_KEY_UISupportedInterfaceOrientations_iPad = "UIInterfaceOrientationPortrait UIInterfaceOrientationPortraitUpsideDown UIInterfaceOrientationLandscapeLeft UIInterfaceOrientationLandscapeRight";
				INFOPLIST_KEY_UISupportedInterfaceOrientations_iPhone = "UIInterfaceOrientationPortrait UIInterfaceOrientationLandscapeLeft UIInterfaceOrientationLandscapeRight";
				IPHONEOS_DEPLOYMENT_TARGET = 16.4;
				LD_RUNPATH_SEARCH_PATHS = (
					"$(inherited)",
					"@executable_path/Frameworks",
				);
				MARKETING_VERSION = 1.0;
				PRODUCT_BUNDLE_IDENTIFIER = "vn.edu.rmit.s3927562.My-KPOP-Playlist";
				PRODUCT_NAME = "$(TARGET_NAME)";
				SWIFT_EMIT_LOC_STRINGS = YES;
				SWIFT_VERSION = 5.0;
				TARGETED_DEVICE_FAMILY = "1,2";
			};
			name = Debug;
		};
		148EDB3F2A6FEE710005ED41 /* Release */ = {
			isa = XCBuildConfiguration;
			buildSettings = {
				ASSETCATALOG_COMPILER_APPICON_NAME = AppIcon;
				ASSETCATALOG_COMPILER_GLOBAL_ACCENT_COLOR_NAME = AccentColor;
				CODE_SIGN_STYLE = Automatic;
				CURRENT_PROJECT_VERSION = 1;
				DEVELOPMENT_ASSET_PATHS = "\"My KPOP Playlist/Preview Content\"";
				DEVELOPMENT_TEAM = "";
				ENABLE_PREVIEWS = YES;
				GENERATE_INFOPLIST_FILE = YES;
				INFOPLIST_KEY_CFBundleDisplayName = "My KPOP Playlist";
				INFOPLIST_KEY_LSApplicationCategoryType = "public.app-category.music";
				INFOPLIST_KEY_UIApplicationSceneManifest_Generation = YES;
				INFOPLIST_KEY_UIApplicationSupportsIndirectInputEvents = YES;
				INFOPLIST_KEY_UILaunchScreen_Generation = YES;
				INFOPLIST_KEY_UISupportedInterfaceOrientations_iPad = "UIInterfaceOrientationPortrait UIInterfaceOrientationPortraitUpsideDown UIInterfaceOrientationLandscapeLeft UIInterfaceOrientationLandscapeRight";
				INFOPLIST_KEY_UISupportedInterfaceOrientations_iPhone = "UIInterfaceOrientationPortrait UIInterfaceOrientationLandscapeLeft UIInterfaceOrientationLandscapeRight";
				IPHONEOS_DEPLOYMENT_TARGET = 16.4;
				LD_RUNPATH_SEARCH_PATHS = (
					"$(inherited)",
					"@executable_path/Frameworks",
				);
				MARKETING_VERSION = 1.0;
				PRODUCT_BUNDLE_IDENTIFIER = "vn.edu.rmit.s3927562.My-KPOP-Playlist";
				PRODUCT_NAME = "$(TARGET_NAME)";
				SWIFT_EMIT_LOC_STRINGS = YES;
				SWIFT_VERSION = 5.0;
				TARGETED_DEVICE_FAMILY = "1,2";
			};
			name = Release;
		};
		148EDB412A6FEE710005ED41 /* Debug */ = {
			isa = XCBuildConfiguration;
			buildSettings = {
				ALWAYS_EMBED_SWIFT_STANDARD_LIBRARIES = YES;
				BUNDLE_LOADER = "$(TEST_HOST)";
				CODE_SIGN_STYLE = Automatic;
				CURRENT_PROJECT_VERSION = 1;
				GENERATE_INFOPLIST_FILE = YES;
				IPHONEOS_DEPLOYMENT_TARGET = 16.4;
				MARKETING_VERSION = 1.0;
				PRODUCT_BUNDLE_IDENTIFIER = "vn.edu.rmit.s3927562.My-KPOP-PlaylistTests";
				PRODUCT_NAME = "$(TARGET_NAME)";
				SWIFT_EMIT_LOC_STRINGS = NO;
				SWIFT_VERSION = 5.0;
				TARGETED_DEVICE_FAMILY = "1,2";
				TEST_HOST = "$(BUILT_PRODUCTS_DIR)/My KPOP Playlist.app/$(BUNDLE_EXECUTABLE_FOLDER_PATH)/My KPOP Playlist";
			};
			name = Debug;
		};
		148EDB422A6FEE710005ED41 /* Release */ = {
			isa = XCBuildConfiguration;
			buildSettings = {
				ALWAYS_EMBED_SWIFT_STANDARD_LIBRARIES = YES;
				BUNDLE_LOADER = "$(TEST_HOST)";
				CODE_SIGN_STYLE = Automatic;
				CURRENT_PROJECT_VERSION = 1;
				GENERATE_INFOPLIST_FILE = YES;
				IPHONEOS_DEPLOYMENT_TARGET = 16.4;
				MARKETING_VERSION = 1.0;
				PRODUCT_BUNDLE_IDENTIFIER = "vn.edu.rmit.s3927562.My-KPOP-PlaylistTests";
				PRODUCT_NAME = "$(TARGET_NAME)";
				SWIFT_EMIT_LOC_STRINGS = NO;
				SWIFT_VERSION = 5.0;
				TARGETED_DEVICE_FAMILY = "1,2";
				TEST_HOST = "$(BUILT_PRODUCTS_DIR)/My KPOP Playlist.app/$(BUNDLE_EXECUTABLE_FOLDER_PATH)/My KPOP Playlist";
			};
			name = Release;
		};
		148EDB442A6FEE710005ED41 /* Debug */ = {
			isa = XCBuildConfiguration;
			buildSettings = {
				ALWAYS_EMBED_SWIFT_STANDARD_LIBRARIES = YES;
				CODE_SIGN_STYLE = Automatic;
				CURRENT_PROJECT_VERSION = 1;
				GENERATE_INFOPLIST_FILE = YES;
				MARKETING_VERSION = 1.0;
				PRODUCT_BUNDLE_IDENTIFIER = "vn.edu.rmit.s3927562.My-KPOP-PlaylistUITests";
				PRODUCT_NAME = "$(TARGET_NAME)";
				SWIFT_EMIT_LOC_STRINGS = NO;
				SWIFT_VERSION = 5.0;
				TARGETED_DEVICE_FAMILY = "1,2";
				TEST_TARGET_NAME = "My KPOP Playlist";
			};
			name = Debug;
		};
		148EDB452A6FEE710005ED41 /* Release */ = {
			isa = XCBuildConfiguration;
			buildSettings = {
				ALWAYS_EMBED_SWIFT_STANDARD_LIBRARIES = YES;
				CODE_SIGN_STYLE = Automatic;
				CURRENT_PROJECT_VERSION = 1;
				GENERATE_INFOPLIST_FILE = YES;
				MARKETING_VERSION = 1.0;
				PRODUCT_BUNDLE_IDENTIFIER = "vn.edu.rmit.s3927562.My-KPOP-PlaylistUITests";
				PRODUCT_NAME = "$(TARGET_NAME)";
				SWIFT_EMIT_LOC_STRINGS = NO;
				SWIFT_VERSION = 5.0;
				TARGETED_DEVICE_FAMILY = "1,2";
				TEST_TARGET_NAME = "My KPOP Playlist";
			};
			name = Release;
		};
/* End XCBuildConfiguration section */

/* Begin XCConfigurationList section */
		148EDB142A6FEE6D0005ED41 /* Build configuration list for PBXProject "My KPOP Playlist" */ = {
			isa = XCConfigurationList;
			buildConfigurations = (
				148EDB3B2A6FEE710005ED41 /* Debug */,
				148EDB3C2A6FEE710005ED41 /* Release */,
			);
			defaultConfigurationIsVisible = 0;
			defaultConfigurationName = Release;
		};
		148EDB3D2A6FEE710005ED41 /* Build configuration list for PBXNativeTarget "My KPOP Playlist" */ = {
			isa = XCConfigurationList;
			buildConfigurations = (
				148EDB3E2A6FEE710005ED41 /* Debug */,
				148EDB3F2A6FEE710005ED41 /* Release */,
			);
			defaultConfigurationIsVisible = 0;
			defaultConfigurationName = Release;
		};
		148EDB402A6FEE710005ED41 /* Build configuration list for PBXNativeTarget "My KPOP PlaylistTests" */ = {
			isa = XCConfigurationList;
			buildConfigurations = (
				148EDB412A6FEE710005ED41 /* Debug */,
				148EDB422A6FEE710005ED41 /* Release */,
			);
			defaultConfigurationIsVisible = 0;
			defaultConfigurationName = Release;
		};
		148EDB432A6FEE710005ED41 /* Build configuration list for PBXNativeTarget "My KPOP PlaylistUITests" */ = {
			isa = XCConfigurationList;
			buildConfigurations = (
				148EDB442A6FEE710005ED41 /* Debug */,
				148EDB452A6FEE710005ED41 /* Release */,
			);
			defaultConfigurationIsVisible = 0;
			defaultConfigurationName = Release;
		};
/* End XCConfigurationList section */
	};
	rootObject = 148EDB112A6FEE6D0005ED41 /* Project object */;
}
